<?xml version="1.0" encoding="utf-8"?>
<Project ToolsVersion="4.0" xmlns="http://schemas.microsoft.com/developer/msbuild/2003">
  <ItemGroup>
    <Filter Include="General">
      <UniqueIdentifier>{4FC737F1-C7A5-4376-A066-2A32D752A2FF}</UniqueIdentifier>
      <Extensions>cpp;c;cc;cxx;def;odl;idl;hpj;bat;asm;asmx</Extensions>
    </Filter>
    <Filter Include="Data">
      <UniqueIdentifier>{6ce4bd93-74b2-486d-bedc-58397b575747}</UniqueIdentifier>
    </Filter>
    <Filter Include="Data\Gameplay">
      <UniqueIdentifier>{f1473f6b-886a-4ba0-abdf-cac3d0753907}</UniqueIdentifier>
    </Filter>
    <Filter Include="Shaders">
      <UniqueIdentifier>{999eb0bf-48ab-45be-b04d-3735b3cfc0f6}</UniqueIdentifier>
    </Filter>
  </ItemGroup>
  <ItemGroup>
    <ClCompile Include="Main_Windows.cpp">
      <Filter>General</Filter>
    </ClCompile>
    <ClCompile Include="App.cpp">
      <Filter>General</Filter>
    </ClCompile>
    <ClCompile Include="Entity.cpp">
      <Filter>General</Filter>
    </ClCompile>
    <ClCompile Include="Game.cpp">
      <Filter>General</Filter>
    </ClCompile>
    <ClCompile Include="GameCommon.cpp">
      <Filter>General</Filter>
    </ClCompile>
    <ClCompile Include="World.cpp">
      <Filter>General</Filter>
    </ClCompile>
    <ClCompile Include="Map.cpp">
      <Filter>General</Filter>
    </ClCompile>
    <ClCompile Include="Tile.cpp">
      <Filter>General</Filter>
    </ClCompile>
    <ClCompile Include="TileDefinition.cpp">
      <Filter>General</Filter>
    </ClCompile>
    <ClCompile Include="MapDefinition.cpp">
      <Filter>General</Filter>
    </ClCompile>
    <ClCompile Include="Actor.cpp">
      <Filter>General</Filter>
    </ClCompile>
    <ClCompile Include="ActorDefinition.cpp">
      <Filter>General</Filter>
    </ClCompile>
    <ClCompile Include="EntityDefinition.cpp">
      <Filter>General</Filter>
    </ClCompile>
    <ClCompile Include="MapGenStep.cpp">
      <Filter>General</Filter>
    </ClCompile>
    <ClCompile Include="MapGenStep_Mutate.cpp">
      <Filter>General</Filter>
    </ClCompile>
    <ClCompile Include="MapGenStep_Worm.cpp">
      <Filter>General</Filter>
    </ClCompile>
    <ClCompile Include="MapGenStep_CellularAutomata.cpp">
      <Filter>General</Filter>
    </ClCompile>
    <ClCompile Include="MapGenStep_FromImage.cpp">
      <Filter>General</Filter>
    </ClCompile>
    <ClCompile Include="TileMetaData.cpp">
      <Filter>General</Filter>
    </ClCompile>
    <ClCompile Include="Bullet.cpp">
      <Filter>General</Filter>
    </ClCompile>
    <ClCompile Include="WeaponDefinition.cpp">
      <Filter>General</Filter>
    </ClCompile>
    <ClCompile Include="BulletDefinition.cpp">
      <Filter>General</Filter>
    </ClCompile>
    <ClCompile Include="EnemySpawner.cpp">
      <Filter>General</Filter>
    </ClCompile>
  </ItemGroup>
  <ItemGroup>
    <ClInclude Include="App.hpp">
      <Filter>General</Filter>
    </ClInclude>
    <ClInclude Include="GameCommon.hpp">
      <Filter>General</Filter>
    </ClInclude>
    <ClInclude Include="Entity.hpp">
      <Filter>General</Filter>
    </ClInclude>
    <ClInclude Include="Game.hpp">
      <Filter>General</Filter>
    </ClInclude>
    <ClInclude Include="World.hpp">
      <Filter>General</Filter>
    </ClInclude>
    <ClInclude Include="Map.hpp">
      <Filter>General</Filter>
    </ClInclude>
    <ClInclude Include="Tile.hpp">
      <Filter>General</Filter>
    </ClInclude>
    <ClInclude Include="EngineBuildPreferences.hpp">
      <Filter>General</Filter>
    </ClInclude>
    <ClInclude Include="TileDefinition.hpp">
      <Filter>General</Filter>
    </ClInclude>
    <ClInclude Include="MapDefinition.hpp">
      <Filter>General</Filter>
    </ClInclude>
    <ClInclude Include="Actor.hpp">
      <Filter>General</Filter>
    </ClInclude>
    <ClInclude Include="ActorDefinition.hpp">
      <Filter>General</Filter>
    </ClInclude>
    <ClInclude Include="EntityDefinition.hpp">
      <Filter>General</Filter>
    </ClInclude>
    <ClInclude Include="MapGenStep.hpp">
      <Filter>General</Filter>
    </ClInclude>
    <ClInclude Include="MapGenStep_Mutate.hpp">
      <Filter>General</Filter>
    </ClInclude>
    <ClInclude Include="MapGenStep_Worm.hpp">
      <Filter>General</Filter>
    </ClInclude>
    <ClInclude Include="MapGenStep_CellularAutomata.hpp">
      <Filter>General</Filter>
    </ClInclude>
    <ClInclude Include="MapGenStep_FromImage.hpp">
      <Filter>General</Filter>
    </ClInclude>
    <ClInclude Include="TileMetaData.hpp">
      <Filter>General</Filter>
    </ClInclude>
    <ClInclude Include="Bullet.hpp">
      <Filter>General</Filter>
    </ClInclude>
    <ClInclude Include="WeaponDefinition.hpp">
      <Filter>General</Filter>
    </ClInclude>
    <ClInclude Include="BulletDefinition.hpp">
      <Filter>General</Filter>
    </ClInclude>
    <ClInclude Include="EnemySpawner.hpp">
      <Filter>General</Filter>
    </ClInclude>
  </ItemGroup>
  <ItemGroup>
    <Xml Include="..\..\Run\Data\GameConfig.xml">
      <Filter>Data</Filter>
    </Xml>
    <Xml Include="..\..\Run\Data\Gameplay\TileDefs.xml">
      <Filter>Data\Gameplay</Filter>
    </Xml>
    <Xml Include="..\..\Run\Data\Gameplay\MapDefs.xml">
      <Filter>Data\Gameplay</Filter>
    </Xml>
    <Xml Include="..\..\Run\Data\Gameplay\Actors.xml">
      <Filter>Data\Gameplay</Filter>
    </Xml>
    <Xml Include="..\..\Run\Data\Gameplay\Adventures.xml">
      <Filter>Data\Gameplay</Filter>
    </Xml>
    <Xml Include="..\..\Run\Data\Gameplay\Portals.xml">
      <Filter>Data\Gameplay</Filter>
    </Xml>
    <Xml Include="..\..\Run\Data\Gameplay\Projectiles.xml">
      <Filter>Data\Gameplay</Filter>
    </Xml>
    <Xml Include="..\..\Run\Data\Gameplay\Bullets.xml">
      <Filter>Data\Gameplay</Filter>
    </Xml>
    <Xml Include="..\..\Run\Data\Gameplay\Weapons.xml">
      <Filter>Data\Gameplay</Filter>
    </Xml>
  </ItemGroup>
  <ItemGroup>
    <FxCompile Include="..\..\Run\Data\Shaders\Default.hlsl">
      <Filter>Shaders</Filter>
    </FxCompile>
    <FxCompile Include="..\..\Run\Data\Shaders\WorldOpaque.hlsl">
      <Filter>Shaders</Filter>
    </FxCompile>
  </ItemGroup>
</Project>