
Microsoft Visual Studio Solution File, Format Version 12.00
# Visual Studio Version 16
VisualStudioVersion = 16.0.29215.179
MinimumVisualStudioVersion = 10.0.40219.1
Project("{8BC9CEB8-8B4A-11D0-8D11-00A0C91BC942}") = "MathUnitTests", "Code\Game\Game.vcxproj", "{08E45489-4F88-49F1-B726-946BFC9C2AEC}"
EndProject
Project("{8BC9CEB8-8B4A-11D0-8D11-00A0C91BC942}") = "Engine", "..\Engine\Code\Engine\Engine.vcxproj", "{D2C8C721-DAAE-43AD-A8B9-08C0AC80CF4B}"
EndProject
Global
	GlobalSection(SolutionConfigurationPlatforms) = preSolution
		Debug|x64 = Debug|x64
		Debug|x86 = Debug|x86
		Release|x64 = Release|x64
		Release|x86 = Release|x86
	EndGlobalSection
	GlobalSection(ProjectConfigurationPlatforms) = postSolution
		{08E45489-4F88-49F1-B726-946BFC9C2AEC}.Debug|x64.ActiveCfg = Debug|x64
		{08E45489-4F88-49F1-B726-946BFC9C2AEC}.Debug|x64.Build.0 = Debug|x64
		{08E45489-4F88-49F1-B726-946BFC9C2AEC}.Debug|x86.ActiveCfg = Debug|Win32
		{08E45489-4F88-49F1-B726-946BFC9C2AEC}.Debug|x86.Build.0 = Debug|Win32
		{08E45489-4F88-49F1-B726-946BFC9C2AEC}.Release|x64.ActiveCfg = Release|x64
		{08E45489-4F88-49F1-B726-946BFC9C2AEC}.Release|x64.Build.0 = Release|x64
		{08E45489-4F88-49F1-B726-946BFC9C2AEC}.Release|x86.ActiveCfg = Release|Win32
		{08E45489-4F88-49F1-B726-946BFC9C2AEC}.Release|x86.Build.0 = Release|Win32
		{D2C8C721-DAAE-43AD-A8B9-08C0AC80CF4B}.Debug|x64.ActiveCfg = Debug|x64
		{D2C8C721-DAAE-43AD-A8B9-08C0AC80CF4B}.Debug|x64.Build.0 = Debug|x64
		{D2C8C721-DAAE-43AD-A8B9-08C0AC80CF4B}.Debug|x86.ActiveCfg = Debug|Win32
		{D2C8C721-DAAE-43AD-A8B9-08C0AC80CF4B}.Debug|x86.Build.0 = Debug|Win32
		{D2C8C721-DAAE-43AD-A8B9-08C0AC80CF4B}.Release|x64.ActiveCfg = Release|x64
		{D2C8C721-DAAE-43AD-A8B9-08C0AC80CF4B}.Release|x64.Build.0 = Release|x64
		{D2C8C721-DAAE-43AD-A8B9-08C0AC80CF4B}.Release|x86.ActiveCfg = Release|Win32
		{D2C8C721-DAAE-43AD-A8B9-08C0AC80CF4B}.Release|x86.Build.0 = Release|Win32
	EndGlobalSection
	GlobalSection(SolutionProperties) = preSolution
		HideSolutionNode = FALSE
	EndGlobalSection
	GlobalSection(ExtensibilityGlobals) = postSolution
		SolutionGuid = {496A6BD4-9CFF-4FB3-8AD8-9EDAAB0313D7}
	EndGlobalSection
EndGlobal
